
Microsoft Visual Studio Solution File, Format Version 12.00
# Visual Studio 15
VisualStudioVersion = 15.0.28307.1927
MinimumVisualStudioVersion = 10.0.40219.1
Project("{FAE04EC0-301F-11D3-BF4B-00C04F79EFBC}") = "appColas", "appColas\appColas.csproj", "{CAEF763A-9796-4542-9522-7A2BEFD9CF85}"
EndProject
Global
	GlobalSection(SolutionConfigurationPlatforms) = preSolution
		Debug|Any CPU = Debug|Any CPU
		Release|Any CPU = Release|Any CPU
	EndGlobalSection
	GlobalSection(ProjectConfigurationPlatforms) = postSolution
		{CAEF763A-9796-4542-9522-7A2BEFD9CF85}.Debug|Any CPU.ActiveCfg = Debug|Any CPU
		{CAEF763A-9796-4542-9522-7A2BEFD9CF85}.Debug|Any CPU.Build.0 = Debug|Any CPU
		{CAEF763A-9796-4542-9522-7A2BEFD9CF85}.Release|Any CPU.ActiveCfg = Release|Any CPU
		{CAEF763A-9796-4542-9522-7A2BEFD9CF85}.Release|Any CPU.Build.0 = Release|Any CPU
	EndGlobalSection
	GlobalSection(SolutionProperties) = preSolution
		HideSolutionNode = FALSE
	EndGlobalSection
	GlobalSection(ExtensibilityGlobals) = postSolution
		SolutionGuid = {04474AE3-112D-4FA5-8D76-99459A039BCE}
	EndGlobalSection
EndGlobal
